
Microsoft Visual Studio Solution File, Format Version 12.00
# Visual Studio 15
VisualStudioVersion = 15.0.28010.2026
MinimumVisualStudioVersion = 10.0.40219.1
Project("{FAE04EC0-301F-11D3-BF4B-00C04F79EFBC}") = "Vision3", "Vision3\Vision3.csproj", "{524EF852-3513-4526-BC7B-867448B79769}"
EndProject
Global
	GlobalSection(SolutionConfigurationPlatforms) = preSolution
		Debug|Any CPU = Debug|Any CPU
		Release|Any CPU = Release|Any CPU
	EndGlobalSection
	GlobalSection(ProjectConfigurationPlatforms) = postSolution
		{524EF852-3513-4526-BC7B-867448B79769}.Debug|Any CPU.ActiveCfg = Debug|Any CPU
		{524EF852-3513-4526-BC7B-867448B79769}.Debug|Any CPU.Build.0 = Debug|Any CPU
		{524EF852-3513-4526-BC7B-867448B79769}.Release|Any CPU.ActiveCfg = Release|Any CPU
		{524EF852-3513-4526-BC7B-867448B79769}.Release|Any CPU.Build.0 = Release|Any CPU
	EndGlobalSection
	GlobalSection(SolutionProperties) = preSolution
		HideSolutionNode = FALSE
	EndGlobalSection
	GlobalSection(ExtensibilityGlobals) = postSolution
		SolutionGuid = {843512E0-E875-4A60-9719-319C21706F59}
	EndGlobalSection
EndGlobal
